// !$*UTF8*$!
{
	archiveVersion = 1;
	classes = {
	};
	objectVersion = 48;
	objects = {

/* Begin PBXBuildFile section */
		0A8379FC1FA6CEBE003B6E08 /* AppDelegate.m in Sources */ = {isa = PBXBuildFile; fileRef = 0A8379FB1FA6CEBE003B6E08 /* AppDelegate.m */; };
		0A8379FF1FA6CEBE003B6E08 /* ViewController.m in Sources */ = {isa = PBXBuildFile; fileRef = 0A8379FE1FA6CEBE003B6E08 /* ViewController.m */; };
		0A837A021FA6CEBE003B6E08 /* Main.storyboard in Resources */ = {isa = PBXBuildFile; fileRef = 0A837A001FA6CEBE003B6E08 /* Main.storyboard */; };
		0A837A041FA6CEBE003B6E08 /* Assets.xcassets in Resources */ = {isa = PBXBuildFile; fileRef = 0A837A031FA6CEBE003B6E08 /* Assets.xcassets */; };
		0A837A071FA6CEBE003B6E08 /* LaunchScreen.storyboard in Resources */ = {isa = PBXBuildFile; fileRef = 0A837A051FA6CEBE003B6E08 /* LaunchScreen.storyboard */; };
		0A837A0A1FA6CEBE003B6E08 /* main.m in Sources */ = {isa = PBXBuildFile; fileRef = 0A837A091FA6CEBE003B6E08 /* main.m */; };
		0A837A141FA6CEBE003B6E08 /* WEXFuturesTests.m in Sources */ = {isa = PBXBuildFile; fileRef = 0A837A131FA6CEBE003B6E08 /* WEXFuturesTests.m */; };
		0A837A1F1FA6CEBE003B6E08 /* WEXFuturesUITests.m in Sources */ = {isa = PBXBuildFile; fileRef = 0A837A1E1FA6CEBE003B6E08 /* WEXFuturesUITests.m */; };
		0A837A351FA707F1003B6E08 /* NSDate+Ext.m in Sources */ = {isa = PBXBuildFile; fileRef = 0A837A2E1FA707F1003B6E08 /* NSDate+Ext.m */; };
		0A837A361FA707F1003B6E08 /* NSString+Ext.m in Sources */ = {isa = PBXBuildFile; fileRef = 0A837A301FA707F1003B6E08 /* NSString+Ext.m */; };
		0A837A371FA707F1003B6E08 /* NSString+Verify.m in Sources */ = {isa = PBXBuildFile; fileRef = 0A837A321FA707F1003B6E08 /* NSString+Verify.m */; };
		0A837A381FA707F1003B6E08 /* UIFont+Ext.m in Sources */ = {isa = PBXBuildFile; fileRef = 0A837A341FA707F1003B6E08 /* UIFont+Ext.m */; };
		0A837A3D1FA708D7003B6E08 /* WEXBaseNetworkApi.m in Sources */ = {isa = PBXBuildFile; fileRef = 0A837A3C1FA708D7003B6E08 /* WEXBaseNetworkApi.m */; };
		0A837A471FA71179003B6E08 /* DebugModule.m in Sources */ = {isa = PBXBuildFile; fileRef = 0A837A461FA71179003B6E08 /* DebugModule.m */; };
		0A837A4F1FA7131B003B6E08 /* DBTools.m in Sources */ = {isa = PBXBuildFile; fileRef = 0A837A4A1FA7131B003B6E08 /* DBTools.m */; };
		0A837A501FA7131B003B6E08 /* FileUtil.m in Sources */ = {isa = PBXBuildFile; fileRef = 0A837A4C1FA7131B003B6E08 /* FileUtil.m */; };
		0A837A511FA7131B003B6E08 /* SizeUtil.m in Sources */ = {isa = PBXBuildFile; fileRef = 0A837A4E1FA7131B003B6E08 /* SizeUtil.m */; };
		0A837A541FA713CA003B6E08 /* CrashLoginMemory.m in Sources */ = {isa = PBXBuildFile; fileRef = 0A837A531FA713CA003B6E08 /* CrashLoginMemory.m */; };
		0A837A571FA71AA5003B6E08 /* WEXNetworkConfig.m in Sources */ = {isa = PBXBuildFile; fileRef = 0A837A561FA71AA5003B6E08 /* WEXNetworkConfig.m */; };
		0A837A5A1FA71B24003B6E08 /* WEXUrlConfig.m in Sources */ = {isa = PBXBuildFile; fileRef = 0A837A591FA71B24003B6E08 /* WEXUrlConfig.m */; };
		0A837A611FA84EE9003B6E08 /* WEXBaseTableViewController.m in Sources */ = {isa = PBXBuildFile; fileRef = 0A837A601FA84EE9003B6E08 /* WEXBaseTableViewController.m */; };
		0A837A641FA84F3A003B6E08 /* WEXBaseViewController.m in Sources */ = {isa = PBXBuildFile; fileRef = 0A837A631FA84F3A003B6E08 /* WEXBaseViewController.m */; };
		0A837A6A1FA85079003B6E08 /* UIViewController+Ext.m in Sources */ = {isa = PBXBuildFile; fileRef = 0A837A691FA85079003B6E08 /* UIViewController+Ext.m */; };
		0A837A6E1FA8527D003B6E08 /* ToastView.m in Sources */ = {isa = PBXBuildFile; fileRef = 0A837A6D1FA8527D003B6E08 /* ToastView.m */; };
		0A837A751FA856B0003B6E08 /* ProgressHUD.m in Sources */ = {isa = PBXBuildFile; fileRef = 0A837A711FA856B0003B6E08 /* ProgressHUD.m */; };
		0A837A761FA856B0003B6E08 /* LoadingHUD.m in Sources */ = {isa = PBXBuildFile; fileRef = 0A837A731FA856B0003B6E08 /* LoadingHUD.m */; };
		0A837A771FA856B0003B6E08 /* ProgressView.m in Sources */ = {isa = PBXBuildFile; fileRef = 0A837A741FA856B0003B6E08 /* ProgressView.m */; };
		0A837A7A1FA858F2003B6E08 /* WEXAlert.m in Sources */ = {isa = PBXBuildFile; fileRef = 0A837A791FA858F2003B6E08 /* WEXAlert.m */; };
		3F0E39D82996532E70459D54 /* Pods_WEXFutures.framework in Frameworks */ = {isa = PBXBuildFile; fileRef = 58597E80F00B1E059E10CF4A /* Pods_WEXFutures.framework */; };
/* End PBXBuildFile section */

/* Begin PBXContainerItemProxy section */
		0A837A101FA6CEBE003B6E08 /* PBXContainerItemProxy */ = {
			isa = PBXContainerItemProxy;
			containerPortal = 0A8379EF1FA6CEBE003B6E08 /* Project object */;
			proxyType = 1;
			remoteGlobalIDString = 0A8379F61FA6CEBE003B6E08;
			remoteInfo = WEXFutures;
		};
		0A837A1B1FA6CEBE003B6E08 /* PBXContainerItemProxy */ = {
			isa = PBXContainerItemProxy;
			containerPortal = 0A8379EF1FA6CEBE003B6E08 /* Project object */;
			proxyType = 1;
			remoteGlobalIDString = 0A8379F61FA6CEBE003B6E08;
			remoteInfo = WEXFutures;
		};
/* End PBXContainerItemProxy section */

/* Begin PBXFileReference section */
		0A8379F71FA6CEBE003B6E08 /* WEXFutures.app */ = {isa = PBXFileReference; explicitFileType = wrapper.application; includeInIndex = 0; path = WEXFutures.app; sourceTree = BUILT_PRODUCTS_DIR; };
		0A8379FA1FA6CEBE003B6E08 /* AppDelegate.h */ = {isa = PBXFileReference; lastKnownFileType = sourcecode.c.h; path = AppDelegate.h; sourceTree = "<group>"; };
		0A8379FB1FA6CEBE003B6E08 /* AppDelegate.m */ = {isa = PBXFileReference; lastKnownFileType = sourcecode.c.objc; path = AppDelegate.m; sourceTree = "<group>"; };
		0A8379FD1FA6CEBE003B6E08 /* ViewController.h */ = {isa = PBXFileReference; lastKnownFileType = sourcecode.c.h; path = ViewController.h; sourceTree = "<group>"; };
		0A8379FE1FA6CEBE003B6E08 /* ViewController.m */ = {isa = PBXFileReference; lastKnownFileType = sourcecode.c.objc; path = ViewController.m; sourceTree = "<group>"; };
		0A837A011FA6CEBE003B6E08 /* Base */ = {isa = PBXFileReference; lastKnownFileType = file.storyboard; name = Base; path = Base.lproj/Main.storyboard; sourceTree = "<group>"; };
		0A837A031FA6CEBE003B6E08 /* Assets.xcassets */ = {isa = PBXFileReference; lastKnownFileType = folder.assetcatalog; path = Assets.xcassets; sourceTree = "<group>"; };
		0A837A061FA6CEBE003B6E08 /* Base */ = {isa = PBXFileReference; lastKnownFileType = file.storyboard; name = Base; path = Base.lproj/LaunchScreen.storyboard; sourceTree = "<group>"; };
		0A837A081FA6CEBE003B6E08 /* Info.plist */ = {isa = PBXFileReference; lastKnownFileType = text.plist.xml; path = Info.plist; sourceTree = "<group>"; };
		0A837A091FA6CEBE003B6E08 /* main.m */ = {isa = PBXFileReference; lastKnownFileType = sourcecode.c.objc; path = main.m; sourceTree = "<group>"; };
		0A837A0F1FA6CEBE003B6E08 /* WEXFuturesTests.xctest */ = {isa = PBXFileReference; explicitFileType = wrapper.cfbundle; includeInIndex = 0; path = WEXFuturesTests.xctest; sourceTree = BUILT_PRODUCTS_DIR; };
		0A837A131FA6CEBE003B6E08 /* WEXFuturesTests.m */ = {isa = PBXFileReference; lastKnownFileType = sourcecode.c.objc; path = WEXFuturesTests.m; sourceTree = "<group>"; };
		0A837A151FA6CEBE003B6E08 /* Info.plist */ = {isa = PBXFileReference; lastKnownFileType = text.plist.xml; path = Info.plist; sourceTree = "<group>"; };
		0A837A1A1FA6CEBE003B6E08 /* WEXFuturesUITests.xctest */ = {isa = PBXFileReference; explicitFileType = wrapper.cfbundle; includeInIndex = 0; path = WEXFuturesUITests.xctest; sourceTree = BUILT_PRODUCTS_DIR; };
		0A837A1E1FA6CEBE003B6E08 /* WEXFuturesUITests.m */ = {isa = PBXFileReference; lastKnownFileType = sourcecode.c.objc; path = WEXFuturesUITests.m; sourceTree = "<group>"; };
		0A837A201FA6CEBE003B6E08 /* Info.plist */ = {isa = PBXFileReference; lastKnownFileType = text.plist.xml; path = Info.plist; sourceTree = "<group>"; };
		0A837A2D1FA707F1003B6E08 /* NSDate+Ext.h */ = {isa = PBXFileReference; fileEncoding = 4; lastKnownFileType = sourcecode.c.h; path = "NSDate+Ext.h"; sourceTree = "<group>"; };
		0A837A2E1FA707F1003B6E08 /* NSDate+Ext.m */ = {isa = PBXFileReference; fileEncoding = 4; lastKnownFileType = sourcecode.c.objc; path = "NSDate+Ext.m"; sourceTree = "<group>"; };
		0A837A2F1FA707F1003B6E08 /* NSString+Ext.h */ = {isa = PBXFileReference; fileEncoding = 4; lastKnownFileType = sourcecode.c.h; path = "NSString+Ext.h"; sourceTree = "<group>"; };
		0A837A301FA707F1003B6E08 /* NSString+Ext.m */ = {isa = PBXFileReference; fileEncoding = 4; lastKnownFileType = sourcecode.c.objc; path = "NSString+Ext.m"; sourceTree = "<group>"; };
		0A837A311FA707F1003B6E08 /* NSString+Verify.h */ = {isa = PBXFileReference; fileEncoding = 4; lastKnownFileType = sourcecode.c.h; path = "NSString+Verify.h"; sourceTree = "<group>"; };
		0A837A321FA707F1003B6E08 /* NSString+Verify.m */ = {isa = PBXFileReference; fileEncoding = 4; lastKnownFileType = sourcecode.c.objc; path = "NSString+Verify.m"; sourceTree = "<group>"; };
		0A837A331FA707F1003B6E08 /* UIFont+Ext.h */ = {isa = PBXFileReference; fileEncoding = 4; lastKnownFileType = sourcecode.c.h; path = "UIFont+Ext.h"; sourceTree = "<group>"; };
		0A837A341FA707F1003B6E08 /* UIFont+Ext.m */ = {isa = PBXFileReference; fileEncoding = 4; lastKnownFileType = sourcecode.c.objc; path = "UIFont+Ext.m"; sourceTree = "<group>"; };
		0A837A3A1FA7082C003B6E08 /* WEXFuturesHeader.pch */ = {isa = PBXFileReference; lastKnownFileType = sourcecode.c.h; path = WEXFuturesHeader.pch; sourceTree = "<group>"; };
		0A837A3B1FA708D7003B6E08 /* WEXBaseNetworkApi.h */ = {isa = PBXFileReference; lastKnownFileType = sourcecode.c.h; path = WEXBaseNetworkApi.h; sourceTree = "<group>"; };
		0A837A3C1FA708D7003B6E08 /* WEXBaseNetworkApi.m */ = {isa = PBXFileReference; lastKnownFileType = sourcecode.c.objc; path = WEXBaseNetworkApi.m; sourceTree = "<group>"; };
		0A837A3F1FA70B8F003B6E08 /* ColorDefine.h */ = {isa = PBXFileReference; fileEncoding = 4; lastKnownFileType = sourcecode.c.h; path = ColorDefine.h; sourceTree = "<group>"; };
		0A837A401FA70B8F003B6E08 /* DimensDefine.h */ = {isa = PBXFileReference; fileEncoding = 4; lastKnownFileType = sourcecode.c.h; path = DimensDefine.h; sourceTree = "<group>"; };
		0A837A411FA70B8F003B6E08 /* NotificationDefine.h */ = {isa = PBXFileReference; fileEncoding = 4; lastKnownFileType = sourcecode.c.h; path = NotificationDefine.h; sourceTree = "<group>"; };
		0A837A421FA70B8F003B6E08 /* SystemMacros.h */ = {isa = PBXFileReference; fileEncoding = 4; lastKnownFileType = sourcecode.c.h; path = SystemMacros.h; sourceTree = "<group>"; };
		0A837A451FA71179003B6E08 /* DebugModule.h */ = {isa = PBXFileReference; lastKnownFileType = sourcecode.c.h; path = DebugModule.h; sourceTree = "<group>"; };
		0A837A461FA71179003B6E08 /* DebugModule.m */ = {isa = PBXFileReference; lastKnownFileType = sourcecode.c.objc; path = DebugModule.m; sourceTree = "<group>"; };
		0A837A491FA7131B003B6E08 /* DBTools.h */ = {isa = PBXFileReference; fileEncoding = 4; lastKnownFileType = sourcecode.c.h; path = DBTools.h; sourceTree = "<group>"; };
		0A837A4A1FA7131B003B6E08 /* DBTools.m */ = {isa = PBXFileReference; fileEncoding = 4; lastKnownFileType = sourcecode.c.objc; path = DBTools.m; sourceTree = "<group>"; };
		0A837A4B1FA7131B003B6E08 /* FileUtil.h */ = {isa = PBXFileReference; fileEncoding = 4; lastKnownFileType = sourcecode.c.h; path = FileUtil.h; sourceTree = "<group>"; };
		0A837A4C1FA7131B003B6E08 /* FileUtil.m */ = {isa = PBXFileReference; fileEncoding = 4; lastKnownFileType = sourcecode.c.objc; path = FileUtil.m; sourceTree = "<group>"; };
		0A837A4D1FA7131B003B6E08 /* SizeUtil.h */ = {isa = PBXFileReference; fileEncoding = 4; lastKnownFileType = sourcecode.c.h; path = SizeUtil.h; sourceTree = "<group>"; };
		0A837A4E1FA7131B003B6E08 /* SizeUtil.m */ = {isa = PBXFileReference; fileEncoding = 4; lastKnownFileType = sourcecode.c.objc; path = SizeUtil.m; sourceTree = "<group>"; };
		0A837A521FA713CA003B6E08 /* CrashLoginMemory.h */ = {isa = PBXFileReference; lastKnownFileType = sourcecode.c.h; path = CrashLoginMemory.h; sourceTree = "<group>"; };
		0A837A531FA713CA003B6E08 /* CrashLoginMemory.m */ = {isa = PBXFileReference; lastKnownFileType = sourcecode.c.objc; path = CrashLoginMemory.m; sourceTree = "<group>"; };
		0A837A551FA71AA5003B6E08 /* WEXNetworkConfig.h */ = {isa = PBXFileReference; lastKnownFileType = sourcecode.c.h; path = WEXNetworkConfig.h; sourceTree = "<group>"; };
		0A837A561FA71AA5003B6E08 /* WEXNetworkConfig.m */ = {isa = PBXFileReference; lastKnownFileType = sourcecode.c.objc; path = WEXNetworkConfig.m; sourceTree = "<group>"; };
		0A837A581FA71B24003B6E08 /* WEXUrlConfig.h */ = {isa = PBXFileReference; lastKnownFileType = sourcecode.c.h; path = WEXUrlConfig.h; sourceTree = "<group>"; };
		0A837A591FA71B24003B6E08 /* WEXUrlConfig.m */ = {isa = PBXFileReference; lastKnownFileType = sourcecode.c.objc; path = WEXUrlConfig.m; sourceTree = "<group>"; };
		0A837A5F1FA84EE9003B6E08 /* WEXBaseTableViewController.h */ = {isa = PBXFileReference; lastKnownFileType = sourcecode.c.h; path = WEXBaseTableViewController.h; sourceTree = "<group>"; };
		0A837A601FA84EE9003B6E08 /* WEXBaseTableViewController.m */ = {isa = PBXFileReference; lastKnownFileType = sourcecode.c.objc; path = WEXBaseTableViewController.m; sourceTree = "<group>"; };
		0A837A621FA84F3A003B6E08 /* WEXBaseViewController.h */ = {isa = PBXFileReference; lastKnownFileType = sourcecode.c.h; path = WEXBaseViewController.h; sourceTree = "<group>"; };
		0A837A631FA84F3A003B6E08 /* WEXBaseViewController.m */ = {isa = PBXFileReference; lastKnownFileType = sourcecode.c.objc; path = WEXBaseViewController.m; sourceTree = "<group>"; };
		0A837A681FA85079003B6E08 /* UIViewController+Ext.h */ = {isa = PBXFileReference; lastKnownFileType = sourcecode.c.h; path = "UIViewController+Ext.h"; sourceTree = "<group>"; };
		0A837A691FA85079003B6E08 /* UIViewController+Ext.m */ = {isa = PBXFileReference; lastKnownFileType = sourcecode.c.objc; path = "UIViewController+Ext.m"; sourceTree = "<group>"; };
		0A837A6C1FA8527D003B6E08 /* ToastView.h */ = {isa = PBXFileReference; lastKnownFileType = sourcecode.c.h; path = ToastView.h; sourceTree = "<group>"; };
		0A837A6D1FA8527D003B6E08 /* ToastView.m */ = {isa = PBXFileReference; lastKnownFileType = sourcecode.c.objc; path = ToastView.m; sourceTree = "<group>"; };
		0A837A6F1FA856B0003B6E08 /* ProgressHUD.h */ = {isa = PBXFileReference; fileEncoding = 4; lastKnownFileType = sourcecode.c.h; path = ProgressHUD.h; sourceTree = "<group>"; };
		0A837A701FA856B0003B6E08 /* LoadingHUD.h */ = {isa = PBXFileReference; fileEncoding = 4; lastKnownFileType = sourcecode.c.h; path = LoadingHUD.h; sourceTree = "<group>"; };
		0A837A711FA856B0003B6E08 /* ProgressHUD.m */ = {isa = PBXFileReference; fileEncoding = 4; lastKnownFileType = sourcecode.c.objc; path = ProgressHUD.m; sourceTree = "<group>"; };
		0A837A721FA856B0003B6E08 /* ProgressView.h */ = {isa = PBXFileReference; fileEncoding = 4; lastKnownFileType = sourcecode.c.h; path = ProgressView.h; sourceTree = "<group>"; };
		0A837A731FA856B0003B6E08 /* LoadingHUD.m */ = {isa = PBXFileReference; fileEncoding = 4; lastKnownFileType = sourcecode.c.objc; path = LoadingHUD.m; sourceTree = "<group>"; };
		0A837A741FA856B0003B6E08 /* ProgressView.m */ = {isa = PBXFileReference; fileEncoding = 4; lastKnownFileType = sourcecode.c.objc; path = ProgressView.m; sourceTree = "<group>"; };
		0A837A781FA858F2003B6E08 /* WEXAlert.h */ = {isa = PBXFileReference; lastKnownFileType = sourcecode.c.h; path = WEXAlert.h; sourceTree = "<group>"; };
		0A837A791FA858F2003B6E08 /* WEXAlert.m */ = {isa = PBXFileReference; lastKnownFileType = sourcecode.c.objc; path = WEXAlert.m; sourceTree = "<group>"; };
		2DBB45339D8795918D10FAC1 /* Pods-WEXFutures.release.xcconfig */ = {isa = PBXFileReference; includeInIndex = 1; lastKnownFileType = text.xcconfig; name = "Pods-WEXFutures.release.xcconfig"; path = "Pods/Target Support Files/Pods-WEXFutures/Pods-WEXFutures.release.xcconfig"; sourceTree = "<group>"; };
		58597E80F00B1E059E10CF4A /* Pods_WEXFutures.framework */ = {isa = PBXFileReference; explicitFileType = wrapper.framework; includeInIndex = 0; path = Pods_WEXFutures.framework; sourceTree = BUILT_PRODUCTS_DIR; };
		F396358ADDF009795A3EFD16 /* Pods-WEXFutures.debug.xcconfig */ = {isa = PBXFileReference; includeInIndex = 1; lastKnownFileType = text.xcconfig; name = "Pods-WEXFutures.debug.xcconfig"; path = "Pods/Target Support Files/Pods-WEXFutures/Pods-WEXFutures.debug.xcconfig"; sourceTree = "<group>"; };
/* End PBXFileReference section */

/* Begin PBXFrameworksBuildPhase section */
		0A8379F41FA6CEBE003B6E08 /* Frameworks */ = {
			isa = PBXFrameworksBuildPhase;
			buildActionMask = 2147483647;
			files = (
				3F0E39D82996532E70459D54 /* Pods_WEXFutures.framework in Frameworks */,
			);
			runOnlyForDeploymentPostprocessing = 0;
		};
		0A837A0C1FA6CEBE003B6E08 /* Frameworks */ = {
			isa = PBXFrameworksBuildPhase;
			buildActionMask = 2147483647;
			files = (
			);
			runOnlyForDeploymentPostprocessing = 0;
		};
		0A837A171FA6CEBE003B6E08 /* Frameworks */ = {
			isa = PBXFrameworksBuildPhase;
			buildActionMask = 2147483647;
			files = (
			);
			runOnlyForDeploymentPostprocessing = 0;
		};
/* End PBXFrameworksBuildPhase section */

/* Begin PBXGroup section */
		0A8379EE1FA6CEBE003B6E08 = {
			isa = PBXGroup;
			children = (
				0A8379F91FA6CEBE003B6E08 /* WEXFutures */,
				0A837A121FA6CEBE003B6E08 /* WEXFuturesTests */,
				0A837A1D1FA6CEBE003B6E08 /* WEXFuturesUITests */,
				0A8379F81FA6CEBE003B6E08 /* Products */,
				3CC8C5F9993C541072C02109 /* Pods */,
				7F33B253C093FAA27E672042 /* Frameworks */,
			);
			sourceTree = "<group>";
		};
		0A8379F81FA6CEBE003B6E08 /* Products */ = {
			isa = PBXGroup;
			children = (
				0A8379F71FA6CEBE003B6E08 /* WEXFutures.app */,
				0A837A0F1FA6CEBE003B6E08 /* WEXFuturesTests.xctest */,
				0A837A1A1FA6CEBE003B6E08 /* WEXFuturesUITests.xctest */,
			);
			name = Products;
			sourceTree = "<group>";
		};
		0A8379F91FA6CEBE003B6E08 /* WEXFutures */ = {
			isa = PBXGroup;
			children = (
				0A837A5B1FA84EBD003B6E08 /* BaseVC */,
				0A837A431FA7115B003B6E08 /* Tools */,
				0A837A3E1FA70B8F003B6E08 /* Define */,
				0A837A391FA707FD003B6E08 /* Network */,
				0A837A2C1FA707F1003B6E08 /* Category */,
				0A8379FA1FA6CEBE003B6E08 /* AppDelegate.h */,
				0A8379FB1FA6CEBE003B6E08 /* AppDelegate.m */,
				0A8379FD1FA6CEBE003B6E08 /* ViewController.h */,
				0A8379FE1FA6CEBE003B6E08 /* ViewController.m */,
				0A837A001FA6CEBE003B6E08 /* Main.storyboard */,
				0A837A031FA6CEBE003B6E08 /* Assets.xcassets */,
				0A837A051FA6CEBE003B6E08 /* LaunchScreen.storyboard */,
				0A837A081FA6CEBE003B6E08 /* Info.plist */,
				0A837A091FA6CEBE003B6E08 /* main.m */,
				0A837A3A1FA7082C003B6E08 /* WEXFuturesHeader.pch */,
			);
			path = WEXFutures;
			sourceTree = "<group>";
		};
		0A837A121FA6CEBE003B6E08 /* WEXFuturesTests */ = {
			isa = PBXGroup;
			children = (
				0A837A131FA6CEBE003B6E08 /* WEXFuturesTests.m */,
				0A837A151FA6CEBE003B6E08 /* Info.plist */,
			);
			path = WEXFuturesTests;
			sourceTree = "<group>";
		};
		0A837A1D1FA6CEBE003B6E08 /* WEXFuturesUITests */ = {
			isa = PBXGroup;
			children = (
				0A837A1E1FA6CEBE003B6E08 /* WEXFuturesUITests.m */,
				0A837A201FA6CEBE003B6E08 /* Info.plist */,
			);
			path = WEXFuturesUITests;
			sourceTree = "<group>";
		};
		0A837A2C1FA707F1003B6E08 /* Category */ = {
			isa = PBXGroup;
			children = (
				0A837A481FA7131B003B6E08 /* ToolsUtil */,
				0A837A2D1FA707F1003B6E08 /* NSDate+Ext.h */,
				0A837A2E1FA707F1003B6E08 /* NSDate+Ext.m */,
				0A837A2F1FA707F1003B6E08 /* NSString+Ext.h */,
				0A837A301FA707F1003B6E08 /* NSString+Ext.m */,
				0A837A311FA707F1003B6E08 /* NSString+Verify.h */,
				0A837A321FA707F1003B6E08 /* NSString+Verify.m */,
				0A837A331FA707F1003B6E08 /* UIFont+Ext.h */,
				0A837A341FA707F1003B6E08 /* UIFont+Ext.m */,
				0A837A681FA85079003B6E08 /* UIViewController+Ext.h */,
				0A837A691FA85079003B6E08 /* UIViewController+Ext.m */,
			);
			path = Category;
			sourceTree = "<group>";
		};
		0A837A391FA707FD003B6E08 /* Network */ = {
			isa = PBXGroup;
			children = (
				0A837A3B1FA708D7003B6E08 /* WEXBaseNetworkApi.h */,
				0A837A3C1FA708D7003B6E08 /* WEXBaseNetworkApi.m */,
				0A837A551FA71AA5003B6E08 /* WEXNetworkConfig.h */,
				0A837A561FA71AA5003B6E08 /* WEXNetworkConfig.m */,
				0A837A581FA71B24003B6E08 /* WEXUrlConfig.h */,
				0A837A591FA71B24003B6E08 /* WEXUrlConfig.m */,
			);
			path = Network;
			sourceTree = "<group>";
		};
		0A837A3E1FA70B8F003B6E08 /* Define */ = {
			isa = PBXGroup;
			children = (
				0A837A3F1FA70B8F003B6E08 /* ColorDefine.h */,
				0A837A401FA70B8F003B6E08 /* DimensDefine.h */,
				0A837A411FA70B8F003B6E08 /* NotificationDefine.h */,
				0A837A421FA70B8F003B6E08 /* SystemMacros.h */,
			);
			path = Define;
			sourceTree = "<group>";
		};
		0A837A431FA7115B003B6E08 /* Tools */ = {
			isa = PBXGroup;
			children = (
				0A837A441FA7115B003B6E08 /* Debug */,
				0A837A6B1FA8526C003B6E08 /* Prompt */,
			);
			path = Tools;
			sourceTree = "<group>";
		};
		0A837A441FA7115B003B6E08 /* Debug */ = {
			isa = PBXGroup;
			children = (
				0A837A451FA71179003B6E08 /* DebugModule.h */,
				0A837A461FA71179003B6E08 /* DebugModule.m */,
				0A837A521FA713CA003B6E08 /* CrashLoginMemory.h */,
				0A837A531FA713CA003B6E08 /* CrashLoginMemory.m */,
			);
			path = Debug;
			sourceTree = "<group>";
		};
		0A837A481FA7131B003B6E08 /* ToolsUtil */ = {
			isa = PBXGroup;
			children = (
				0A837A491FA7131B003B6E08 /* DBTools.h */,
				0A837A4A1FA7131B003B6E08 /* DBTools.m */,
				0A837A4B1FA7131B003B6E08 /* FileUtil.h */,
				0A837A4C1FA7131B003B6E08 /* FileUtil.m */,
				0A837A4D1FA7131B003B6E08 /* SizeUtil.h */,
				0A837A4E1FA7131B003B6E08 /* SizeUtil.m */,
			);
			path = ToolsUtil;
			sourceTree = "<group>";
		};
		0A837A5B1FA84EBD003B6E08 /* BaseVC */ = {
			isa = PBXGroup;
			children = (
				0A837A5F1FA84EE9003B6E08 /* WEXBaseTableViewController.h */,
				0A837A601FA84EE9003B6E08 /* WEXBaseTableViewController.m */,
				0A837A621FA84F3A003B6E08 /* WEXBaseViewController.h */,
				0A837A631FA84F3A003B6E08 /* WEXBaseViewController.m */,
			);
			path = BaseVC;
			sourceTree = "<group>";
		};
		0A837A6B1FA8526C003B6E08 /* Prompt */ = {
			isa = PBXGroup;
			children = (
				0A837A701FA856B0003B6E08 /* LoadingHUD.h */,
				0A837A731FA856B0003B6E08 /* LoadingHUD.m */,
				0A837A6F1FA856B0003B6E08 /* ProgressHUD.h */,
				0A837A711FA856B0003B6E08 /* ProgressHUD.m */,
				0A837A721FA856B0003B6E08 /* ProgressView.h */,
				0A837A741FA856B0003B6E08 /* ProgressView.m */,
				0A837A6C1FA8527D003B6E08 /* ToastView.h */,
				0A837A6D1FA8527D003B6E08 /* ToastView.m */,
				0A837A781FA858F2003B6E08 /* WEXAlert.h */,
				0A837A791FA858F2003B6E08 /* WEXAlert.m */,
			);
			path = Prompt;
			sourceTree = "<group>";
		};
		3CC8C5F9993C541072C02109 /* Pods */ = {
			isa = PBXGroup;
			children = (
				F396358ADDF009795A3EFD16 /* Pods-WEXFutures.debug.xcconfig */,
				2DBB45339D8795918D10FAC1 /* Pods-WEXFutures.release.xcconfig */,
			);
			name = Pods;
			sourceTree = "<group>";
		};
		7F33B253C093FAA27E672042 /* Frameworks */ = {
			isa = PBXGroup;
			children = (
				58597E80F00B1E059E10CF4A /* Pods_WEXFutures.framework */,
			);
			name = Frameworks;
			sourceTree = "<group>";
		};
/* End PBXGroup section */

/* Begin PBXNativeTarget section */
		0A8379F61FA6CEBE003B6E08 /* WEXFutures */ = {
			isa = PBXNativeTarget;
			buildConfigurationList = 0A837A231FA6CEBE003B6E08 /* Build configuration list for PBXNativeTarget "WEXFutures" */;
			buildPhases = (
				AF7E1A5C34CF3F337F5B5F00 /* [CP] Check Pods Manifest.lock */,
				0A8379F31FA6CEBE003B6E08 /* Sources */,
				0A8379F41FA6CEBE003B6E08 /* Frameworks */,
				0A8379F51FA6CEBE003B6E08 /* Resources */,
				7D013E74492C5D4901FF4C64 /* [CP] Embed Pods Frameworks */,
				9BF1113B28747454574EDC56 /* [CP] Copy Pods Resources */,
			);
			buildRules = (
			);
			dependencies = (
			);
			name = WEXFutures;
			productName = WEXFutures;
			productReference = 0A8379F71FA6CEBE003B6E08 /* WEXFutures.app */;
			productType = "com.apple.product-type.application";
		};
		0A837A0E1FA6CEBE003B6E08 /* WEXFuturesTests */ = {
			isa = PBXNativeTarget;
			buildConfigurationList = 0A837A261FA6CEBE003B6E08 /* Build configuration list for PBXNativeTarget "WEXFuturesTests" */;
			buildPhases = (
				0A837A0B1FA6CEBE003B6E08 /* Sources */,
				0A837A0C1FA6CEBE003B6E08 /* Frameworks */,
				0A837A0D1FA6CEBE003B6E08 /* Resources */,
			);
			buildRules = (
			);
			dependencies = (
				0A837A111FA6CEBE003B6E08 /* PBXTargetDependency */,
			);
			name = WEXFuturesTests;
			productName = WEXFuturesTests;
			productReference = 0A837A0F1FA6CEBE003B6E08 /* WEXFuturesTests.xctest */;
			productType = "com.apple.product-type.bundle.unit-test";
		};
		0A837A191FA6CEBE003B6E08 /* WEXFuturesUITests */ = {
			isa = PBXNativeTarget;
			buildConfigurationList = 0A837A291FA6CEBE003B6E08 /* Build configuration list for PBXNativeTarget "WEXFuturesUITests" */;
			buildPhases = (
				0A837A161FA6CEBE003B6E08 /* Sources */,
				0A837A171FA6CEBE003B6E08 /* Frameworks */,
				0A837A181FA6CEBE003B6E08 /* Resources */,
			);
			buildRules = (
			);
			dependencies = (
				0A837A1C1FA6CEBE003B6E08 /* PBXTargetDependency */,
			);
			name = WEXFuturesUITests;
			productName = WEXFuturesUITests;
			productReference = 0A837A1A1FA6CEBE003B6E08 /* WEXFuturesUITests.xctest */;
			productType = "com.apple.product-type.bundle.ui-testing";
		};
/* End PBXNativeTarget section */

/* Begin PBXProject section */
		0A8379EF1FA6CEBE003B6E08 /* Project object */ = {
			isa = PBXProject;
			attributes = {
				LastUpgradeCheck = 0900;
				ORGANIZATIONNAME = K;
				TargetAttributes = {
					0A8379F61FA6CEBE003B6E08 = {
						CreatedOnToolsVersion = 9.0.1;
						ProvisioningStyle = Automatic;
					};
					0A837A0E1FA6CEBE003B6E08 = {
						CreatedOnToolsVersion = 9.0.1;
						ProvisioningStyle = Automatic;
						TestTargetID = 0A8379F61FA6CEBE003B6E08;
					};
					0A837A191FA6CEBE003B6E08 = {
						CreatedOnToolsVersion = 9.0.1;
						ProvisioningStyle = Automatic;
						TestTargetID = 0A8379F61FA6CEBE003B6E08;
					};
				};
			};
			buildConfigurationList = 0A8379F21FA6CEBE003B6E08 /* Build configuration list for PBXProject "WEXFutures" */;
			compatibilityVersion = "Xcode 8.0";
			developmentRegion = en;
			hasScannedForEncodings = 0;
			knownRegions = (
				en,
				Base,
			);
			mainGroup = 0A8379EE1FA6CEBE003B6E08;
			productRefGroup = 0A8379F81FA6CEBE003B6E08 /* Products */;
			projectDirPath = "";
			projectRoot = "";
			targets = (
				0A8379F61FA6CEBE003B6E08 /* WEXFutures */,
				0A837A0E1FA6CEBE003B6E08 /* WEXFuturesTests */,
				0A837A191FA6CEBE003B6E08 /* WEXFuturesUITests */,
			);
		};
/* End PBXProject section */

/* Begin PBXResourcesBuildPhase section */
		0A8379F51FA6CEBE003B6E08 /* Resources */ = {
			isa = PBXResourcesBuildPhase;
			buildActionMask = 2147483647;
			files = (
				0A837A071FA6CEBE003B6E08 /* LaunchScreen.storyboard in Resources */,
				0A837A041FA6CEBE003B6E08 /* Assets.xcassets in Resources */,
				0A837A021FA6CEBE003B6E08 /* Main.storyboard in Resources */,
			);
			runOnlyForDeploymentPostprocessing = 0;
		};
		0A837A0D1FA6CEBE003B6E08 /* Resources */ = {
			isa = PBXResourcesBuildPhase;
			buildActionMask = 2147483647;
			files = (
			);
			runOnlyForDeploymentPostprocessing = 0;
		};
		0A837A181FA6CEBE003B6E08 /* Resources */ = {
			isa = PBXResourcesBuildPhase;
			buildActionMask = 2147483647;
			files = (
			);
			runOnlyForDeploymentPostprocessing = 0;
		};
/* End PBXResourcesBuildPhase section */

/* Begin PBXShellScriptBuildPhase section */
		7D013E74492C5D4901FF4C64 /* [CP] Embed Pods Frameworks */ = {
			isa = PBXShellScriptBuildPhase;
			buildActionMask = 2147483647;
			files = (
			);
			inputPaths = (
			);
			name = "[CP] Embed Pods Frameworks";
			outputPaths = (
			);
			runOnlyForDeploymentPostprocessing = 0;
			shellPath = /bin/sh;
			shellScript = "\"${SRCROOT}/Pods/Target Support Files/Pods-WEXFutures/Pods-WEXFutures-frameworks.sh\"\n";
			showEnvVarsInLog = 0;
		};
		9BF1113B28747454574EDC56 /* [CP] Copy Pods Resources */ = {
			isa = PBXShellScriptBuildPhase;
			buildActionMask = 2147483647;
			files = (
			);
			inputPaths = (
			);
			name = "[CP] Copy Pods Resources";
			outputPaths = (
			);
			runOnlyForDeploymentPostprocessing = 0;
			shellPath = /bin/sh;
			shellScript = "\"${SRCROOT}/Pods/Target Support Files/Pods-WEXFutures/Pods-WEXFutures-resources.sh\"\n";
			showEnvVarsInLog = 0;
		};
		AF7E1A5C34CF3F337F5B5F00 /* [CP] Check Pods Manifest.lock */ = {
			isa = PBXShellScriptBuildPhase;
			buildActionMask = 2147483647;
			files = (
			);
			inputPaths = (
			);
			name = "[CP] Check Pods Manifest.lock";
			outputPaths = (
			);
			runOnlyForDeploymentPostprocessing = 0;
			shellPath = /bin/sh;
			shellScript = "diff \"${PODS_ROOT}/../Podfile.lock\" \"${PODS_ROOT}/Manifest.lock\" > /dev/null\nif [ $? != 0 ] ; then\n    # print error to STDERR\n    echo \"error: The sandbox is not in sync with the Podfile.lock. Run 'pod install' or update your CocoaPods installation.\" >&2\n    exit 1\nfi\n";
			showEnvVarsInLog = 0;
		};
/* End PBXShellScriptBuildPhase section */

/* Begin PBXSourcesBuildPhase section */
		0A8379F31FA6CEBE003B6E08 /* Sources */ = {
			isa = PBXSourcesBuildPhase;
			buildActionMask = 2147483647;
			files = (
				0A837A761FA856B0003B6E08 /* LoadingHUD.m in Sources */,
				0A837A471FA71179003B6E08 /* DebugModule.m in Sources */,
				0A837A4F1FA7131B003B6E08 /* DBTools.m in Sources */,
				0A837A751FA856B0003B6E08 /* ProgressHUD.m in Sources */,
				0A8379FF1FA6CEBE003B6E08 /* ViewController.m in Sources */,
				0A837A571FA71AA5003B6E08 /* WEXNetworkConfig.m in Sources */,
				0A837A501FA7131B003B6E08 /* FileUtil.m in Sources */,
				0A837A6E1FA8527D003B6E08 /* ToastView.m in Sources */,
				0A837A641FA84F3A003B6E08 /* WEXBaseViewController.m in Sources */,
				0A837A771FA856B0003B6E08 /* ProgressView.m in Sources */,
				0A837A3D1FA708D7003B6E08 /* WEXBaseNetworkApi.m in Sources */,
				0A837A0A1FA6CEBE003B6E08 /* main.m in Sources */,
				0A837A511FA7131B003B6E08 /* SizeUtil.m in Sources */,
				0A837A371FA707F1003B6E08 /* NSString+Verify.m in Sources */,
				0A837A5A1FA71B24003B6E08 /* WEXUrlConfig.m in Sources */,
				0A837A541FA713CA003B6E08 /* CrashLoginMemory.m in Sources */,
				0A837A361FA707F1003B6E08 /* NSString+Ext.m in Sources */,
				0A837A7A1FA858F2003B6E08 /* WEXAlert.m in Sources */,
				0A837A381FA707F1003B6E08 /* UIFont+Ext.m in Sources */,
				0A837A6A1FA85079003B6E08 /* UIViewController+Ext.m in Sources */,
				0A837A351FA707F1003B6E08 /* NSDate+Ext.m in Sources */,
				0A8379FC1FA6CEBE003B6E08 /* AppDelegate.m in Sources */,
				0A837A611FA84EE9003B6E08 /* WEXBaseTableViewController.m in Sources */,
			);
			runOnlyForDeploymentPostprocessing = 0;
		};
		0A837A0B1FA6CEBE003B6E08 /* Sources */ = {
			isa = PBXSourcesBuildPhase;
			buildActionMask = 2147483647;
			files = (
				0A837A141FA6CEBE003B6E08 /* WEXFuturesTests.m in Sources */,
			);
			runOnlyForDeploymentPostprocessing = 0;
		};
		0A837A161FA6CEBE003B6E08 /* Sources */ = {
			isa = PBXSourcesBuildPhase;
			buildActionMask = 2147483647;
			files = (
				0A837A1F1FA6CEBE003B6E08 /* WEXFuturesUITests.m in Sources */,
			);
			runOnlyForDeploymentPostprocessing = 0;
		};
/* End PBXSourcesBuildPhase section */

/* Begin PBXTargetDependency section */
		0A837A111FA6CEBE003B6E08 /* PBXTargetDependency */ = {
			isa = PBXTargetDependency;
			target = 0A8379F61FA6CEBE003B6E08 /* WEXFutures */;
			targetProxy = 0A837A101FA6CEBE003B6E08 /* PBXContainerItemProxy */;
		};
		0A837A1C1FA6CEBE003B6E08 /* PBXTargetDependency */ = {
			isa = PBXTargetDependency;
			target = 0A8379F61FA6CEBE003B6E08 /* WEXFutures */;
			targetProxy = 0A837A1B1FA6CEBE003B6E08 /* PBXContainerItemProxy */;
		};
/* End PBXTargetDependency section */

/* Begin PBXVariantGroup section */
		0A837A001FA6CEBE003B6E08 /* Main.storyboard */ = {
			isa = PBXVariantGroup;
			children = (
				0A837A011FA6CEBE003B6E08 /* Base */,
			);
			name = Main.storyboard;
			sourceTree = "<group>";
		};
		0A837A051FA6CEBE003B6E08 /* LaunchScreen.storyboard */ = {
			isa = PBXVariantGroup;
			children = (
				0A837A061FA6CEBE003B6E08 /* Base */,
			);
			name = LaunchScreen.storyboard;
			sourceTree = "<group>";
		};
/* End PBXVariantGroup section */

/* Begin XCBuildConfiguration section */
		0A837A211FA6CEBE003B6E08 /* Debug */ = {
			isa = XCBuildConfiguration;
			buildSettings = {
				ALWAYS_SEARCH_USER_PATHS = NO;
				CLANG_ANALYZER_NONNULL = YES;
				CLANG_ANALYZER_NUMBER_OBJECT_CONVERSION = YES_AGGRESSIVE;
				CLANG_CXX_LANGUAGE_STANDARD = "gnu++14";
				CLANG_CXX_LIBRARY = "libc++";
				CLANG_ENABLE_MODULES = YES;
				CLANG_ENABLE_OBJC_ARC = YES;
				CLANG_WARN_BLOCK_CAPTURE_AUTORELEASING = YES;
				CLANG_WARN_BOOL_CONVERSION = YES;
				CLANG_WARN_COMMA = YES;
				CLANG_WARN_CONSTANT_CONVERSION = YES;
				CLANG_WARN_DIRECT_OBJC_ISA_USAGE = YES_ERROR;
				CLANG_WARN_DOCUMENTATION_COMMENTS = YES;
				CLANG_WARN_EMPTY_BODY = YES;
				CLANG_WARN_ENUM_CONVERSION = YES;
				CLANG_WARN_INFINITE_RECURSION = YES;
				CLANG_WARN_INT_CONVERSION = YES;
				CLANG_WARN_NON_LITERAL_NULL_CONVERSION = YES;
				CLANG_WARN_OBJC_LITERAL_CONVERSION = YES;
				CLANG_WARN_OBJC_ROOT_CLASS = YES_ERROR;
				CLANG_WARN_RANGE_LOOP_ANALYSIS = YES;
				CLANG_WARN_STRICT_PROTOTYPES = YES;
				CLANG_WARN_SUSPICIOUS_MOVE = YES;
				CLANG_WARN_UNGUARDED_AVAILABILITY = YES_AGGRESSIVE;
				CLANG_WARN_UNREACHABLE_CODE = YES;
				CLANG_WARN__DUPLICATE_METHOD_MATCH = YES;
				CODE_SIGN_IDENTITY = "iPhone Developer";
				COPY_PHASE_STRIP = NO;
				DEBUG_INFORMATION_FORMAT = dwarf;
				ENABLE_STRICT_OBJC_MSGSEND = YES;
				ENABLE_TESTABILITY = YES;
				GCC_C_LANGUAGE_STANDARD = gnu11;
				GCC_DYNAMIC_NO_PIC = NO;
				GCC_NO_COMMON_BLOCKS = YES;
				GCC_OPTIMIZATION_LEVEL = 0;
				GCC_PREPROCESSOR_DEFINITIONS = (
					"DEBUG=1",
					"$(inherited)",
				);
				GCC_WARN_64_TO_32_BIT_CONVERSION = YES;
				GCC_WARN_ABOUT_RETURN_TYPE = YES_ERROR;
				GCC_WARN_UNDECLARED_SELECTOR = YES;
				GCC_WARN_UNINITIALIZED_AUTOS = YES_AGGRESSIVE;
				GCC_WARN_UNUSED_FUNCTION = YES;
				GCC_WARN_UNUSED_VARIABLE = YES;
				IPHONEOS_DEPLOYMENT_TARGET = 8.0;
				MTL_ENABLE_DEBUG_INFO = YES;
				ONLY_ACTIVE_ARCH = YES;
				SDKROOT = iphoneos;
			};
			name = Debug;
		};
		0A837A221FA6CEBE003B6E08 /* Release */ = {
			isa = XCBuildConfiguration;
			buildSettings = {
				ALWAYS_SEARCH_USER_PATHS = NO;
				CLANG_ANALYZER_NONNULL = YES;
				CLANG_ANALYZER_NUMBER_OBJECT_CONVERSION = YES_AGGRESSIVE;
				CLANG_CXX_LANGUAGE_STANDARD = "gnu++14";
				CLANG_CXX_LIBRARY = "libc++";
				CLANG_ENABLE_MODULES = YES;
				CLANG_ENABLE_OBJC_ARC = YES;
				CLANG_WARN_BLOCK_CAPTURE_AUTORELEASING = YES;
				CLANG_WARN_BOOL_CONVERSION = YES;
				CLANG_WARN_COMMA = YES;
				CLANG_WARN_CONSTANT_CONVERSION = YES;
				CLANG_WARN_DIRECT_OBJC_ISA_USAGE = YES_ERROR;
				CLANG_WARN_DOCUMENTATION_COMMENTS = YES;
				CLANG_WARN_EMPTY_BODY = YES;
				CLANG_WARN_ENUM_CONVERSION = YES;
				CLANG_WARN_INFINITE_RECURSION = YES;
				CLANG_WARN_INT_CONVERSION = YES;
				CLANG_WARN_NON_LITERAL_NULL_CONVERSION = YES;
				CLANG_WARN_OBJC_LITERAL_CONVERSION = YES;
				CLANG_WARN_OBJC_ROOT_CLASS = YES_ERROR;
				CLANG_WARN_RANGE_LOOP_ANALYSIS = YES;
				CLANG_WARN_STRICT_PROTOTYPES = YES;
				CLANG_WARN_SUSPICIOUS_MOVE = YES;
				CLANG_WARN_UNGUARDED_AVAILABILITY = YES_AGGRESSIVE;
				CLANG_WARN_UNREACHABLE_CODE = YES;
				CLANG_WARN__DUPLICATE_METHOD_MATCH = YES;
				CODE_SIGN_IDENTITY = "iPhone Developer";
				COPY_PHASE_STRIP = NO;
				DEBUG_INFORMATION_FORMAT = "dwarf-with-dsym";
				ENABLE_NS_ASSERTIONS = NO;
				ENABLE_STRICT_OBJC_MSGSEND = YES;
				GCC_C_LANGUAGE_STANDARD = gnu11;
				GCC_NO_COMMON_BLOCKS = YES;
				GCC_WARN_64_TO_32_BIT_CONVERSION = YES;
				GCC_WARN_ABOUT_RETURN_TYPE = YES_ERROR;
				GCC_WARN_UNDECLARED_SELECTOR = YES;
				GCC_WARN_UNINITIALIZED_AUTOS = YES_AGGRESSIVE;
				GCC_WARN_UNUSED_FUNCTION = YES;
				GCC_WARN_UNUSED_VARIABLE = YES;
				IPHONEOS_DEPLOYMENT_TARGET = 8.0;
				MTL_ENABLE_DEBUG_INFO = NO;
				SDKROOT = iphoneos;
				VALIDATE_PRODUCT = YES;
			};
			name = Release;
		};
		0A837A241FA6CEBE003B6E08 /* Debug */ = {
			isa = XCBuildConfiguration;
			baseConfigurationReference = F396358ADDF009795A3EFD16 /* Pods-WEXFutures.debug.xcconfig */;
			buildSettings = {
				ASSETCATALOG_COMPILER_APPICON_NAME = AppIcon;
				CODE_SIGN_STYLE = Automatic;
				DEVELOPMENT_TEAM = 699KFG68T7;
				GCC_C_LANGUAGE_STANDARD = c99;
				GCC_INCREASE_PRECOMPILED_HEADER_SHARING = NO;
				GCC_INPUT_FILETYPE = automatic;
				GCC_PRECOMPILE_PREFIX_HEADER = YES;
				GCC_PREFIX_HEADER = WEXFutures/WEXFuturesHeader.pch;
				INFOPLIST_FILE = WEXFutures/Info.plist;
				LD_RUNPATH_SEARCH_PATHS = "$(inherited) @executable_path/Frameworks";
				PRODUCT_BUNDLE_IDENTIFIER = "-.WEXFutures";
				PRODUCT_NAME = "$(TARGET_NAME)";
				TARGETED_DEVICE_FAMILY = 1;
			};
			name = Debug;
		};
		0A837A251FA6CEBE003B6E08 /* Release */ = {
			isa = XCBuildConfiguration;
			baseConfigurationReference = 2DBB45339D8795918D10FAC1 /* Pods-WEXFutures.release.xcconfig */;
			buildSettings = {
				ASSETCATALOG_COMPILER_APPICON_NAME = AppIcon;
				CODE_SIGN_STYLE = Automatic;
				DEVELOPMENT_TEAM = 699KFG68T7;
				GCC_C_LANGUAGE_STANDARD = c99;
				GCC_INCREASE_PRECOMPILED_HEADER_SHARING = NO;
				GCC_INPUT_FILETYPE = automatic;
				GCC_PRECOMPILE_PREFIX_HEADER = YES;
				GCC_PREFIX_HEADER = WEXFutures/WEXFuturesHeader.pch;
				INFOPLIST_FILE = WEXFutures/Info.plist;
				LD_RUNPATH_SEARCH_PATHS = "$(inherited) @executable_path/Frameworks";
				PRODUCT_BUNDLE_IDENTIFIER = "-.WEXFutures";
				PRODUCT_NAME = "$(TARGET_NAME)";
				TARGETED_DEVICE_FAMILY = 1;
			};
			name = Release;
		};
		0A837A271FA6CEBE003B6E08 /* Debug */ = {
			isa = XCBuildConfiguration;
			buildSettings = {
				BUNDLE_LOADER = "$(TEST_HOST)";
				CODE_SIGN_STYLE = Automatic;
				DEVELOPMENT_TEAM = 699KFG68T7;
				INFOPLIST_FILE = WEXFuturesTests/Info.plist;
				LD_RUNPATH_SEARCH_PATHS = "$(inherited) @executable_path/Frameworks @loader_path/Frameworks";
				PRODUCT_BUNDLE_IDENTIFIER = "-.WEXFuturesTests";
				PRODUCT_NAME = "$(TARGET_NAME)";
				TARGETED_DEVICE_FAMILY = "1,2";
				TEST_HOST = "$(BUILT_PRODUCTS_DIR)/WEXFutures.app/WEXFutures";
			};
			name = Debug;
		};
		0A837A281FA6CEBE003B6E08 /* Release */ = {
			isa = XCBuildConfiguration;
			buildSettings = {
				BUNDLE_LOADER = "$(TEST_HOST)";
				CODE_SIGN_STYLE = Automatic;
				DEVELOPMENT_TEAM = 699KFG68T7;
				INFOPLIST_FILE = WEXFuturesTests/Info.plist;
				LD_RUNPATH_SEARCH_PATHS = "$(inherited) @executable_path/Frameworks @loader_path/Frameworks";
				PRODUCT_BUNDLE_IDENTIFIER = "-.WEXFuturesTests";
				PRODUCT_NAME = "$(TARGET_NAME)";
				TARGETED_DEVICE_FAMILY = "1,2";
				TEST_HOST = "$(BUILT_PRODUCTS_DIR)/WEXFutures.app/WEXFutures";
			};
			name = Release;
		};
		0A837A2A1FA6CEBE003B6E08 /* Debug */ = {
			isa = XCBuildConfiguration;
			buildSettings = {
				CODE_SIGN_STYLE = Automatic;
				DEVELOPMENT_TEAM = 699KFG68T7;
				INFOPLIST_FILE = WEXFuturesUITests/Info.plist;
				LD_RUNPATH_SEARCH_PATHS = "$(inherited) @executable_path/Frameworks @loader_path/Frameworks";
				PRODUCT_BUNDLE_IDENTIFIER = "-.WEXFuturesUITests";
				PRODUCT_NAME = "$(TARGET_NAME)";
				TARGETED_DEVICE_FAMILY = "1,2";
				TEST_TARGET_NAME = WEXFutures;
			};
			name = Debug;
		};
		0A837A2B1FA6CEBE003B6E08 /* Release */ = {
			isa = XCBuildConfiguration;
			buildSettings = {
				CODE_SIGN_STYLE = Automatic;
				DEVELOPMENT_TEAM = 699KFG68T7;
				INFOPLIST_FILE = WEXFuturesUITests/Info.plist;
				LD_RUNPATH_SEARCH_PATHS = "$(inherited) @executable_path/Frameworks @loader_path/Frameworks";
				PRODUCT_BUNDLE_IDENTIFIER = "-.WEXFuturesUITests";
				PRODUCT_NAME = "$(TARGET_NAME)";
				TARGETED_DEVICE_FAMILY = "1,2";
				TEST_TARGET_NAME = WEXFutures;
			};
			name = Release;
		};
/* End XCBuildConfiguration section */

/* Begin XCConfigurationList section */
		0A8379F21FA6CEBE003B6E08 /* Build configuration list for PBXProject "WEXFutures" */ = {
			isa = XCConfigurationList;
			buildConfigurations = (
				0A837A211FA6CEBE003B6E08 /* Debug */,
				0A837A221FA6CEBE003B6E08 /* Release */,
			);
			defaultConfigurationIsVisible = 0;
			defaultConfigurationName = Release;
		};
		0A837A231FA6CEBE003B6E08 /* Build configuration list for PBXNativeTarget "WEXFutures" */ = {
			isa = XCConfigurationList;
			buildConfigurations = (
				0A837A241FA6CEBE003B6E08 /* Debug */,
				0A837A251FA6CEBE003B6E08 /* Release */,
			);
			defaultConfigurationIsVisible = 0;
			defaultConfigurationName = Release;
		};
		0A837A261FA6CEBE003B6E08 /* Build configuration list for PBXNativeTarget "WEXFuturesTests" */ = {
			isa = XCConfigurationList;
			buildConfigurations = (
				0A837A271FA6CEBE003B6E08 /* Debug */,
				0A837A281FA6CEBE003B6E08 /* Release */,
			);
			defaultConfigurationIsVisible = 0;
			defaultConfigurationName = Release;
		};
		0A837A291FA6CEBE003B6E08 /* Build configuration list for PBXNativeTarget "WEXFuturesUITests" */ = {
			isa = XCConfigurationList;
			buildConfigurations = (
				0A837A2A1FA6CEBE003B6E08 /* Debug */,
				0A837A2B1FA6CEBE003B6E08 /* Release */,
			);
			defaultConfigurationIsVisible = 0;
			defaultConfigurationName = Release;
		};
/* End XCConfigurationList section */
	};
	rootObject = 0A8379EF1FA6CEBE003B6E08 /* Project object */;
}
